
Microsoft Visual Studio Solution File, Format Version 12.00
# Visual Studio Version 17
VisualStudioVersion = 17.8.34309.116
MinimumVisualStudioVersion = 10.0.40219.1
Project("{FAE04EC0-301F-11D3-BF4B-00C04F79EFBC}") = "NotUygulamasiSql.DAL", "NotUygulamasiSql.DAL\NotUygulamasiSql.DAL.csproj", "{4D93F4A6-177B-42BE-AE08-C2D477F18011}"
EndProject
Project("{FAE04EC0-301F-11D3-BF4B-00C04F79EFBC}") = "NotUygulamasiSql.UI", "NotUygulamasiSql.UI\NotUygulamasiSql.UI.csproj", "{BBC8F65D-EA89-424C-A737-C4CF127587C4}"
EndProject
Project("{FAE04EC0-301F-11D3-BF4B-00C04F79EFBC}") = "NotUygulamasiSql.Domain", "NotUygulamasiSql.Domain\NotUygulamasiSql.Domain.csproj", "{615DE41C-53BE-4A39-B9CE-5604D626D169}"
EndProject
Global
	GlobalSection(SolutionConfigurationPlatforms) = preSolution
		Debug|Any CPU = Debug|Any CPU
		Release|Any CPU = Release|Any CPU
	EndGlobalSection
	GlobalSection(ProjectConfigurationPlatforms) = postSolution
		{4D93F4A6-177B-42BE-AE08-C2D477F18011}.Debug|Any CPU.ActiveCfg = Debug|Any CPU
		{4D93F4A6-177B-42BE-AE08-C2D477F18011}.Debug|Any CPU.Build.0 = Debug|Any CPU
		{4D93F4A6-177B-42BE-AE08-C2D477F18011}.Release|Any CPU.ActiveCfg = Release|Any CPU
		{4D93F4A6-177B-42BE-AE08-C2D477F18011}.Release|Any CPU.Build.0 = Release|Any CPU
		{BBC8F65D-EA89-424C-A737-C4CF127587C4}.Debug|Any CPU.ActiveCfg = Debug|Any CPU
		{BBC8F65D-EA89-424C-A737-C4CF127587C4}.Debug|Any CPU.Build.0 = Debug|Any CPU
		{BBC8F65D-EA89-424C-A737-C4CF127587C4}.Release|Any CPU.ActiveCfg = Release|Any CPU
		{BBC8F65D-EA89-424C-A737-C4CF127587C4}.Release|Any CPU.Build.0 = Release|Any CPU
		{615DE41C-53BE-4A39-B9CE-5604D626D169}.Debug|Any CPU.ActiveCfg = Debug|Any CPU
		{615DE41C-53BE-4A39-B9CE-5604D626D169}.Debug|Any CPU.Build.0 = Debug|Any CPU
		{615DE41C-53BE-4A39-B9CE-5604D626D169}.Release|Any CPU.ActiveCfg = Release|Any CPU
		{615DE41C-53BE-4A39-B9CE-5604D626D169}.Release|Any CPU.Build.0 = Release|Any CPU
	EndGlobalSection
	GlobalSection(SolutionProperties) = preSolution
		HideSolutionNode = FALSE
	EndGlobalSection
	GlobalSection(ExtensibilityGlobals) = postSolution
		SolutionGuid = {4F8DA420-6ED3-4C9F-8632-F42806ECA664}
	EndGlobalSection
EndGlobal
